// !$*UTF8*$!
{
	archiveVersion = 1;
	classes = {
	};
	objectVersion = 46;
	objects = {

/* Begin PBXBuildFile section */
		6C3D81E21E5648410003C091 /* AppDelegate.swift in Sources */ = {isa = PBXBuildFile; fileRef = 6C3D81E11E5648410003C091 /* AppDelegate.swift */; };
		6C3D81E41E5648410003C091 /* GameScene.sks in Resources */ = {isa = PBXBuildFile; fileRef = 6C3D81E31E5648410003C091 /* GameScene.sks */; };
		6C3D81E61E5648410003C091 /* Actions.sks in Resources */ = {isa = PBXBuildFile; fileRef = 6C3D81E51E5648410003C091 /* Actions.sks */; };
		6C3D81E81E5648410003C091 /* GameScene.swift in Sources */ = {isa = PBXBuildFile; fileRef = 6C3D81E71E5648410003C091 /* GameScene.swift */; };
		6C3D81EA1E5648410003C091 /* GameViewController.swift in Sources */ = {isa = PBXBuildFile; fileRef = 6C3D81E91E5648410003C091 /* GameViewController.swift */; };
		6C3D81ED1E5648410003C091 /* Main.storyboard in Resources */ = {isa = PBXBuildFile; fileRef = 6C3D81EB1E5648410003C091 /* Main.storyboard */; };
		6C3D81EF1E5648410003C091 /* Assets.xcassets in Resources */ = {isa = PBXBuildFile; fileRef = 6C3D81EE1E5648410003C091 /* Assets.xcassets */; };
		6C3D81F21E5648410003C091 /* LaunchScreen.storyboard in Resources */ = {isa = PBXBuildFile; fileRef = 6C3D81F01E5648410003C091 /* LaunchScreen.storyboard */; };
		6C56D6851E63ABA400912A0E /* jg-032316-sfx-8-bit-pong-sound-2.mp3 in Resources */ = {isa = PBXBuildFile; fileRef = 6C56D67E1E63ABA400912A0E /* jg-032316-sfx-8-bit-pong-sound-2.mp3 */; };
		6C56D6861E63ABA400912A0E /* jg-032316-sfx-ping-pong-paddle-hitting-ball.mp3 in Resources */ = {isa = PBXBuildFile; fileRef = 6C56D67F1E63ABA400912A0E /* jg-032316-sfx-ping-pong-paddle-hitting-ball.mp3 */; };
		6C56D6871E63ABA400912A0E /* ping-pong-3_M1dh_fVu.mp3 in Resources */ = {isa = PBXBuildFile; fileRef = 6C56D6801E63ABA400912A0E /* ping-pong-3_M1dh_fVu.mp3 */; };
		6C56D6881E63ABA400912A0E /* jg-032316-sfx-fast-heartbeat-1.mp3 in Resources */ = {isa = PBXBuildFile; fileRef = 6C56D6811E63ABA400912A0E /* jg-032316-sfx-fast-heartbeat-1.mp3 */; };
		6C56D6891E63ABA400912A0E /* water-movement-bubbles_MyoBQ9VO.mp3 in Resources */ = {isa = PBXBuildFile; fileRef = 6C56D6821E63ABA400912A0E /* water-movement-bubbles_MyoBQ9VO.mp3 */; };
		6C56D68A1E63ABA400912A0E /* bubble-cartoon-slide-fast_MkO4sHNd.mp3 in Resources */ = {isa = PBXBuildFile; fileRef = 6C56D6831E63ABA400912A0E /* bubble-cartoon-slide-fast_MkO4sHNd.mp3 */; };
		6C56D68B1E63ABA400912A0E /* shine-ding_GyZLjr4O.mp3 in Resources */ = {isa = PBXBuildFile; fileRef = 6C56D6841E63ABA400912A0E /* shine-ding_GyZLjr4O.mp3 */; };
		6CA5C2921E56A488009DD1E2 /* GameOverScreen.sks in Resources */ = {isa = PBXBuildFile; fileRef = 6CA5C2911E56A488009DD1E2 /* GameOverScreen.sks */; };
		6CA5C2941E56A6E1009DD1E2 /* Menu.sks in Resources */ = {isa = PBXBuildFile; fileRef = 6CA5C2931E56A6E1009DD1E2 /* Menu.sks */; };
		6CB626D91E6451C400E63166 /* jg-032316-sfx-elearning-pop-up-sound.mp3 in Resources */ = {isa = PBXBuildFile; fileRef = 6CB626D81E6451C400E63166 /* jg-032316-sfx-elearning-pop-up-sound.mp3 */; };
		6CB626DB1E6452BD00E63166 /* bottles-clink-1_Gk_ETbEO.mp3 in Resources */ = {isa = PBXBuildFile; fileRef = 6CB626DA1E6452BD00E63166 /* bottles-clink-1_Gk_ETbEO.mp3 */; };
		6CB626DD1E6453A500E63166 /* cartoon-voice-male-boo-hoo-hoo-hoo_GkwGRLEu.mp3 in Resources */ = {isa = PBXBuildFile; fileRef = 6CB626DC1E6453A500E63166 /* cartoon-voice-male-boo-hoo-hoo-hoo_GkwGRLEu.mp3 */; };
		6CD264031E56AB11001950EA /* Menu.swift in Sources */ = {isa = PBXBuildFile; fileRef = 6CD264021E56AB11001950EA /* Menu.swift */; };
		6CD264291E56B694001950EA /* GameOverScreen.swift in Sources */ = {isa = PBXBuildFile; fileRef = 6CD264281E56B694001950EA /* GameOverScreen.swift */; };
/* End PBXBuildFile section */

/* Begin PBXFileReference section */
		6C3D81DE1E5648410003C091 /* ScreenChanges.app */ = {isa = PBXFileReference; explicitFileType = wrapper.application; includeInIndex = 0; path = ScreenChanges.app; sourceTree = BUILT_PRODUCTS_DIR; };
		6C3D81E11E5648410003C091 /* AppDelegate.swift */ = {isa = PBXFileReference; lastKnownFileType = sourcecode.swift; path = AppDelegate.swift; sourceTree = "<group>"; };
		6C3D81E31E5648410003C091 /* GameScene.sks */ = {isa = PBXFileReference; lastKnownFileType = file.sks; path = GameScene.sks; sourceTree = "<group>"; };
		6C3D81E51E5648410003C091 /* Actions.sks */ = {isa = PBXFileReference; lastKnownFileType = file.sks; path = Actions.sks; sourceTree = "<group>"; };
		6C3D81E71E5648410003C091 /* GameScene.swift */ = {isa = PBXFileReference; lastKnownFileType = sourcecode.swift; path = GameScene.swift; sourceTree = "<group>"; };
		6C3D81E91E5648410003C091 /* GameViewController.swift */ = {isa = PBXFileReference; lastKnownFileType = sourcecode.swift; path = GameViewController.swift; sourceTree = "<group>"; };
		6C3D81EC1E5648410003C091 /* Base */ = {isa = PBXFileReference; lastKnownFileType = file.storyboard; name = Base; path = Base.lproj/Main.storyboard; sourceTree = "<group>"; };
		6C3D81EE1E5648410003C091 /* Assets.xcassets */ = {isa = PBXFileReference; lastKnownFileType = folder.assetcatalog; path = Assets.xcassets; sourceTree = "<group>"; };
		6C3D81F11E5648410003C091 /* Base */ = {isa = PBXFileReference; lastKnownFileType = file.storyboard; name = Base; path = Base.lproj/LaunchScreen.storyboard; sourceTree = "<group>"; };
		6C3D81F31E5648410003C091 /* Info.plist */ = {isa = PBXFileReference; lastKnownFileType = text.plist.xml; path = Info.plist; sourceTree = "<group>"; };
		6C56D67E1E63ABA400912A0E /* jg-032316-sfx-8-bit-pong-sound-2.mp3 */ = {isa = PBXFileReference; lastKnownFileType = audio.mp3; path = "jg-032316-sfx-8-bit-pong-sound-2.mp3"; sourceTree = "<group>"; };
		6C56D67F1E63ABA400912A0E /* jg-032316-sfx-ping-pong-paddle-hitting-ball.mp3 */ = {isa = PBXFileReference; lastKnownFileType = audio.mp3; path = "jg-032316-sfx-ping-pong-paddle-hitting-ball.mp3"; sourceTree = "<group>"; };
		6C56D6801E63ABA400912A0E /* ping-pong-3_M1dh_fVu.mp3 */ = {isa = PBXFileReference; lastKnownFileType = audio.mp3; path = "ping-pong-3_M1dh_fVu.mp3"; sourceTree = "<group>"; };
		6C56D6811E63ABA400912A0E /* jg-032316-sfx-fast-heartbeat-1.mp3 */ = {isa = PBXFileReference; lastKnownFileType = audio.mp3; path = "jg-032316-sfx-fast-heartbeat-1.mp3"; sourceTree = "<group>"; };
		6C56D6821E63ABA400912A0E /* water-movement-bubbles_MyoBQ9VO.mp3 */ = {isa = PBXFileReference; lastKnownFileType = audio.mp3; path = "water-movement-bubbles_MyoBQ9VO.mp3"; sourceTree = "<group>"; };
		6C56D6831E63ABA400912A0E /* bubble-cartoon-slide-fast_MkO4sHNd.mp3 */ = {isa = PBXFileReference; lastKnownFileType = audio.mp3; path = "bubble-cartoon-slide-fast_MkO4sHNd.mp3"; sourceTree = "<group>"; };
		6C56D6841E63ABA400912A0E /* shine-ding_GyZLjr4O.mp3 */ = {isa = PBXFileReference; lastKnownFileType = audio.mp3; path = "shine-ding_GyZLjr4O.mp3"; sourceTree = "<group>"; };
		6CA5C2911E56A488009DD1E2 /* GameOverScreen.sks */ = {isa = PBXFileReference; lastKnownFileType = file.sks; path = GameOverScreen.sks; sourceTree = "<group>"; };
		6CA5C2931E56A6E1009DD1E2 /* Menu.sks */ = {isa = PBXFileReference; lastKnownFileType = file.sks; path = Menu.sks; sourceTree = "<group>"; };
		6CB626D81E6451C400E63166 /* jg-032316-sfx-elearning-pop-up-sound.mp3 */ = {isa = PBXFileReference; lastKnownFileType = audio.mp3; path = "jg-032316-sfx-elearning-pop-up-sound.mp3"; sourceTree = "<group>"; };
		6CB626DA1E6452BD00E63166 /* bottles-clink-1_Gk_ETbEO.mp3 */ = {isa = PBXFileReference; lastKnownFileType = audio.mp3; path = "bottles-clink-1_Gk_ETbEO.mp3"; sourceTree = "<group>"; };
		6CB626DC1E6453A500E63166 /* cartoon-voice-male-boo-hoo-hoo-hoo_GkwGRLEu.mp3 */ = {isa = PBXFileReference; lastKnownFileType = audio.mp3; path = "cartoon-voice-male-boo-hoo-hoo-hoo_GkwGRLEu.mp3"; sourceTree = "<group>"; };
		6CD264021E56AB11001950EA /* Menu.swift */ = {isa = PBXFileReference; fileEncoding = 4; lastKnownFileType = sourcecode.swift; path = Menu.swift; sourceTree = "<group>"; };
		6CD264281E56B694001950EA /* GameOverScreen.swift */ = {isa = PBXFileReference; fileEncoding = 4; lastKnownFileType = sourcecode.swift; path = GameOverScreen.swift; sourceTree = "<group>"; };
/* End PBXFileReference section */

/* Begin PBXFrameworksBuildPhase section */
		6C3D81DB1E5648410003C091 /* Frameworks */ = {
			isa = PBXFrameworksBuildPhase;
			buildActionMask = 2147483647;
			files = (
			);
			runOnlyForDeploymentPostprocessing = 0;
		};
/* End PBXFrameworksBuildPhase section */

/* Begin PBXGroup section */
		6C3D81D51E5648410003C091 = {
			isa = PBXGroup;
			children = (
				6C3D81E01E5648410003C091 /* ScreenChanges */,
				6C3D81DF1E5648410003C091 /* Products */,
			);
			sourceTree = "<group>";
		};
		6C3D81DF1E5648410003C091 /* Products */ = {
			isa = PBXGroup;
			children = (
				6C3D81DE1E5648410003C091 /* ScreenChanges.app */,
			);
			name = Products;
			sourceTree = "<group>";
		};
		6C3D81E01E5648410003C091 /* ScreenChanges */ = {
			isa = PBXGroup;
			children = (
				6C3D81E31E5648410003C091 /* GameScene.sks */,
				6C3D81E71E5648410003C091 /* GameScene.swift */,
				6CD264281E56B694001950EA /* GameOverScreen.swift */,
				6CA5C2911E56A488009DD1E2 /* GameOverScreen.sks */,
				6CA5C2931E56A6E1009DD1E2 /* Menu.sks */,
				6CD264021E56AB11001950EA /* Menu.swift */,
				6C3D81E91E5648410003C091 /* GameViewController.swift */,
				6C3D81E11E5648410003C091 /* AppDelegate.swift */,
				6C3D81E51E5648410003C091 /* Actions.sks */,
				6C3D81EB1E5648410003C091 /* Main.storyboard */,
				6C3D81EE1E5648410003C091 /* Assets.xcassets */,
				6C3D81F01E5648410003C091 /* LaunchScreen.storyboard */,
				6C3D81F31E5648410003C091 /* Info.plist */,
				6C56D67E1E63ABA400912A0E /* jg-032316-sfx-8-bit-pong-sound-2.mp3 */,
				6C56D67F1E63ABA400912A0E /* jg-032316-sfx-ping-pong-paddle-hitting-ball.mp3 */,
				6C56D6801E63ABA400912A0E /* ping-pong-3_M1dh_fVu.mp3 */,
				6C56D6811E63ABA400912A0E /* jg-032316-sfx-fast-heartbeat-1.mp3 */,
				6C56D6821E63ABA400912A0E /* water-movement-bubbles_MyoBQ9VO.mp3 */,
				6C56D6831E63ABA400912A0E /* bubble-cartoon-slide-fast_MkO4sHNd.mp3 */,
				6CB626DC1E6453A500E63166 /* cartoon-voice-male-boo-hoo-hoo-hoo_GkwGRLEu.mp3 */,
				6C56D6841E63ABA400912A0E /* shine-ding_GyZLjr4O.mp3 */,
				6CB626D81E6451C400E63166 /* jg-032316-sfx-elearning-pop-up-sound.mp3 */,
				6CB626DA1E6452BD00E63166 /* bottles-clink-1_Gk_ETbEO.mp3 */,
			);
			path = ScreenChanges;
			sourceTree = "<group>";
		};
/* End PBXGroup section */

/* Begin PBXNativeTarget section */
		6C3D81DD1E5648410003C091 /* ScreenChanges */ = {
			isa = PBXNativeTarget;
			buildConfigurationList = 6C3D81F61E5648410003C091 /* Build configuration list for PBXNativeTarget "ScreenChanges" */;
			buildPhases = (
				6C3D81DA1E5648410003C091 /* Sources */,
				6C3D81DB1E5648410003C091 /* Frameworks */,
				6C3D81DC1E5648410003C091 /* Resources */,
			);
			buildRules = (
			);
			dependencies = (
			);
			name = ScreenChanges;
			productName = ScreenChanges;
			productReference = 6C3D81DE1E5648410003C091 /* ScreenChanges.app */;
			productType = "com.apple.product-type.application";
		};
/* End PBXNativeTarget section */

/* Begin PBXProject section */
		6C3D81D61E5648410003C091 /* Project object */ = {
			isa = PBXProject;
			attributes = {
				LastSwiftUpdateCheck = 0820;
				LastUpgradeCheck = 0820;
				ORGANIZATIONNAME = YuryG;
				TargetAttributes = {
					6C3D81DD1E5648410003C091 = {
						CreatedOnToolsVersion = 8.2.1;
						DevelopmentTeam = 58XU3V35UK;
						ProvisioningStyle = Automatic;
					};
				};
			};
			buildConfigurationList = 6C3D81D91E5648410003C091 /* Build configuration list for PBXProject "ScreenChanges" */;
			compatibilityVersion = "Xcode 3.2";
			developmentRegion = English;
			hasScannedForEncodings = 0;
			knownRegions = (
				en,
				Base,
			);
			mainGroup = 6C3D81D51E5648410003C091;
			productRefGroup = 6C3D81DF1E5648410003C091 /* Products */;
			projectDirPath = "";
			projectRoot = "";
			targets = (
				6C3D81DD1E5648410003C091 /* ScreenChanges */,
			);
		};
/* End PBXProject section */

/* Begin PBXResourcesBuildPhase section */
		6C3D81DC1E5648410003C091 /* Resources */ = {
			isa = PBXResourcesBuildPhase;
			buildActionMask = 2147483647;
			files = (
				6C56D6871E63ABA400912A0E /* ping-pong-3_M1dh_fVu.mp3 in Resources */,
				6C56D6891E63ABA400912A0E /* water-movement-bubbles_MyoBQ9VO.mp3 in Resources */,
				6CB626DB1E6452BD00E63166 /* bottles-clink-1_Gk_ETbEO.mp3 in Resources */,
				6C3D81ED1E5648410003C091 /* Main.storyboard in Resources */,
				6C3D81E41E5648410003C091 /* GameScene.sks in Resources */,
				6C3D81EF1E5648410003C091 /* Assets.xcassets in Resources */,
				6C56D6881E63ABA400912A0E /* jg-032316-sfx-fast-heartbeat-1.mp3 in Resources */,
				6C56D68A1E63ABA400912A0E /* bubble-cartoon-slide-fast_MkO4sHNd.mp3 in Resources */,
				6C3D81F21E5648410003C091 /* LaunchScreen.storyboard in Resources */,
				6C56D6851E63ABA400912A0E /* jg-032316-sfx-8-bit-pong-sound-2.mp3 in Resources */,
				6C56D6861E63ABA400912A0E /* jg-032316-sfx-ping-pong-paddle-hitting-ball.mp3 in Resources */,
				6CA5C2941E56A6E1009DD1E2 /* Menu.sks in Resources */,
				6CB626D91E6451C400E63166 /* jg-032316-sfx-elearning-pop-up-sound.mp3 in Resources */,
				6CB626DD1E6453A500E63166 /* cartoon-voice-male-boo-hoo-hoo-hoo_GkwGRLEu.mp3 in Resources */,
				6C3D81E61E5648410003C091 /* Actions.sks in Resources */,
				6CA5C2921E56A488009DD1E2 /* GameOverScreen.sks in Resources */,
				6C56D68B1E63ABA400912A0E /* shine-ding_GyZLjr4O.mp3 in Resources */,
			);
			runOnlyForDeploymentPostprocessing = 0;
		};
/* End PBXResourcesBuildPhase section */

/* Begin PBXSourcesBuildPhase section */
		6C3D81DA1E5648410003C091 /* Sources */ = {
			isa = PBXSourcesBuildPhase;
			buildActionMask = 2147483647;
			files = (
				6C3D81E81E5648410003C091 /* GameScene.swift in Sources */,
				6C3D81EA1E5648410003C091 /* GameViewController.swift in Sources */,
				6CD264031E56AB11001950EA /* Menu.swift in Sources */,
				6C3D81E21E5648410003C091 /* AppDelegate.swift in Sources */,
				6CD264291E56B694001950EA /* GameOverScreen.swift in Sources */,
			);
			runOnlyForDeploymentPostprocessing = 0;
		};
/* End PBXSourcesBuildPhase section */

/* Begin PBXVariantGroup section */
		6C3D81EB1E5648410003C091 /* Main.storyboard */ = {
			isa = PBXVariantGroup;
			children = (
				6C3D81EC1E5648410003C091 /* Base */,
			);
			name = Main.storyboard;
			sourceTree = "<group>";
		};
		6C3D81F01E5648410003C091 /* LaunchScreen.storyboard */ = {
			isa = PBXVariantGroup;
			children = (
				6C3D81F11E5648410003C091 /* Base */,
			);
			name = LaunchScreen.storyboard;
			sourceTree = "<group>";
		};
/* End PBXVariantGroup section */

/* Begin XCBuildConfiguration section */
		6C3D81F41E5648410003C091 /* Debug */ = {
			isa = XCBuildConfiguration;
			buildSettings = {
				ALWAYS_SEARCH_USER_PATHS = NO;
				CLANG_ANALYZER_NONNULL = YES;
				CLANG_CXX_LANGUAGE_STANDARD = "gnu++0x";
				CLANG_CXX_LIBRARY = "libc++";
				CLANG_ENABLE_MODULES = YES;
				CLANG_ENABLE_OBJC_ARC = YES;
				CLANG_WARN_BOOL_CONVERSION = YES;
				CLANG_WARN_CONSTANT_CONVERSION = YES;
				CLANG_WARN_DIRECT_OBJC_ISA_USAGE = YES_ERROR;
				CLANG_WARN_DOCUMENTATION_COMMENTS = YES;
				CLANG_WARN_EMPTY_BODY = YES;
				CLANG_WARN_ENUM_CONVERSION = YES;
				CLANG_WARN_INFINITE_RECURSION = YES;
				CLANG_WARN_INT_CONVERSION = YES;
				CLANG_WARN_OBJC_ROOT_CLASS = YES_ERROR;
				CLANG_WARN_SUSPICIOUS_MOVE = YES;
				CLANG_WARN_UNREACHABLE_CODE = YES;
				CLANG_WARN__DUPLICATE_METHOD_MATCH = YES;
				"CODE_SIGN_IDENTITY[sdk=iphoneos*]" = "iPhone Developer";
				COPY_PHASE_STRIP = NO;
				DEBUG_INFORMATION_FORMAT = dwarf;
				ENABLE_STRICT_OBJC_MSGSEND = YES;
				ENABLE_TESTABILITY = YES;
				GCC_C_LANGUAGE_STANDARD = gnu99;
				GCC_DYNAMIC_NO_PIC = NO;
				GCC_NO_COMMON_BLOCKS = YES;
				GCC_OPTIMIZATION_LEVEL = 0;
				GCC_PREPROCESSOR_DEFINITIONS = (
					"DEBUG=1",
					"$(inherited)",
				);
				GCC_WARN_64_TO_32_BIT_CONVERSION = YES;
				GCC_WARN_ABOUT_RETURN_TYPE = YES_ERROR;
				GCC_WARN_UNDECLARED_SELECTOR = YES;
				GCC_WARN_UNINITIALIZED_AUTOS = YES_AGGRESSIVE;
				GCC_WARN_UNUSED_FUNCTION = YES;
				GCC_WARN_UNUSED_VARIABLE = YES;
				IPHONEOS_DEPLOYMENT_TARGET = 10.2;
				MTL_ENABLE_DEBUG_INFO = YES;
				ONLY_ACTIVE_ARCH = YES;
				SDKROOT = iphoneos;
				SWIFT_ACTIVE_COMPILATION_CONDITIONS = DEBUG;
				SWIFT_OPTIMIZATION_LEVEL = "-Onone";
				TARGETED_DEVICE_FAMILY = "1,2";
			};
			name = Debug;
		};
		6C3D81F51E5648410003C091 /* Release */ = {
			isa = XCBuildConfiguration;
			buildSettings = {
				ALWAYS_SEARCH_USER_PATHS = NO;
				CLANG_ANALYZER_NONNULL = YES;
				CLANG_CXX_LANGUAGE_STANDARD = "gnu++0x";
				CLANG_CXX_LIBRARY = "libc++";
				CLANG_ENABLE_MODULES = YES;
				CLANG_ENABLE_OBJC_ARC = YES;
				CLANG_WARN_BOOL_CONVERSION = YES;
				CLANG_WARN_CONSTANT_CONVERSION = YES;
				CLANG_WARN_DIRECT_OBJC_ISA_USAGE = YES_ERROR;
				CLANG_WARN_DOCUMENTATION_COMMENTS = YES;
				CLANG_WARN_EMPTY_BODY = YES;
				CLANG_WARN_ENUM_CONVERSION = YES;
				CLANG_WARN_INFINITE_RECURSION = YES;
				CLANG_WARN_INT_CONVERSION = YES;
				CLANG_WARN_OBJC_ROOT_CLASS = YES_ERROR;
				CLANG_WARN_SUSPICIOUS_MOVE = YES;
				CLANG_WARN_UNREACHABLE_CODE = YES;
				CLANG_WARN__DUPLICATE_METHOD_MATCH = YES;
				"CODE_SIGN_IDENTITY[sdk=iphoneos*]" = "iPhone Developer";
				COPY_PHASE_STRIP = NO;
				DEBUG_INFORMATION_FORMAT = "dwarf-with-dsym";
				ENABLE_NS_ASSERTIONS = NO;
				ENABLE_STRICT_OBJC_MSGSEND = YES;
				GCC_C_LANGUAGE_STANDARD = gnu99;
				GCC_NO_COMMON_BLOCKS = YES;
				GCC_WARN_64_TO_32_BIT_CONVERSION = YES;
				GCC_WARN_ABOUT_RETURN_TYPE = YES_ERROR;
				GCC_WARN_UNDECLARED_SELECTOR = YES;
				GCC_WARN_UNINITIALIZED_AUTOS = YES_AGGRESSIVE;
				GCC_WARN_UNUSED_FUNCTION = YES;
				GCC_WARN_UNUSED_VARIABLE = YES;
				IPHONEOS_DEPLOYMENT_TARGET = 10.2;
				MTL_ENABLE_DEBUG_INFO = NO;
				SDKROOT = iphoneos;
				SWIFT_OPTIMIZATION_LEVEL = "-Owholemodule";
				TARGETED_DEVICE_FAMILY = "1,2";
				VALIDATE_PRODUCT = YES;
			};
			name = Release;
		};
		6C3D81F71E5648410003C091 /* Debug */ = {
			isa = XCBuildConfiguration;
			buildSettings = {
				ASSETCATALOG_COMPILER_APPICON_NAME = AppIcon;
				DEVELOPMENT_TEAM = 58XU3V35UK;
				INFOPLIST_FILE = ScreenChanges/Info.plist;
				LD_RUNPATH_SEARCH_PATHS = "$(inherited) @executable_path/Frameworks";
				PRODUCT_BUNDLE_IDENTIFIER = com.yuryg.ScreenChanges;
				PRODUCT_NAME = "$(TARGET_NAME)";
				SWIFT_VERSION = 3.0;
			};
			name = Debug;
		};
		6C3D81F81E5648410003C091 /* Release */ = {
			isa = XCBuildConfiguration;
			buildSettings = {
				ASSETCATALOG_COMPILER_APPICON_NAME = AppIcon;
				DEVELOPMENT_TEAM = 58XU3V35UK;
				INFOPLIST_FILE = ScreenChanges/Info.plist;
				LD_RUNPATH_SEARCH_PATHS = "$(inherited) @executable_path/Frameworks";
				PRODUCT_BUNDLE_IDENTIFIER = com.yuryg.ScreenChanges;
				PRODUCT_NAME = "$(TARGET_NAME)";
				SWIFT_VERSION = 3.0;
			};
			name = Release;
		};
/* End XCBuildConfiguration section */

/* Begin XCConfigurationList section */
		6C3D81D91E5648410003C091 /* Build configuration list for PBXProject "ScreenChanges" */ = {
			isa = XCConfigurationList;
			buildConfigurations = (
				6C3D81F41E5648410003C091 /* Debug */,
				6C3D81F51E5648410003C091 /* Release */,
			);
			defaultConfigurationIsVisible = 0;
			defaultConfigurationName = Release;
		};
		6C3D81F61E5648410003C091 /* Build configuration list for PBXNativeTarget "ScreenChanges" */ = {
			isa = XCConfigurationList;
			buildConfigurations = (
				6C3D81F71E5648410003C091 /* Debug */,
				6C3D81F81E5648410003C091 /* Release */,
			);
			defaultConfigurationIsVisible = 0;
			defaultConfigurationName = Release;
		};
/* End XCConfigurationList section */
	};
	rootObject = 6C3D81D61E5648410003C091 /* Project object */;
}
